Microsoft Visual Studio Solution File, Format Version 12.00
# Visual Studio Version 17
VisualStudioVersion = 17.5.2.0
MinimumVisualStudioVersion = 10.0.40219.1
Project("{FAE04EC0-301F-11D3-BF4B-00C04F79EFBC}") = "TerrariaGearQualityCalculator", "TerrariaGearQualityCalculator.csproj", "{8F961F05-B834-70F4-801C-86C375790AE7}"
EndProject
Global
	GlobalSection(SolutionConfigurationPlatforms) = preSolution
		Debug|Any CPU = Debug|Any CPU
		Release|Any CPU = Release|Any CPU
	EndGlobalSection
	GlobalSection(ProjectConfigurationPlatforms) = postSolution
		{8F961F05-B834-70F4-801C-86C375790AE7}.Debug|Any CPU.ActiveCfg = Debug|Any CPU
		{8F961F05-B834-70F4-801C-86C375790AE7}.Debug|Any CPU.Build.0 = Debug|Any CPU
		{8F961F05-B834-70F4-801C-86C375790AE7}.Release|Any CPU.ActiveCfg = Release|Any CPU
		{8F961F05-B834-70F4-801C-86C375790AE7}.Release|Any CPU.Build.0 = Release|Any CPU
	EndGlobalSection
	GlobalSection(SolutionProperties) = preSolution
		HideSolutionNode = FALSE
	EndGlobalSection
	GlobalSection(ExtensibilityGlobals) = postSolution
		SolutionGuid = {42E58133-824B-43A3-8E9B-C720BFF5B4FA}
	EndGlobalSection
EndGlobal
